
Microsoft Visual Studio Solution File, Format Version 12.00
# Visual Studio Version 17
VisualStudioVersion = 17.13.35919.96 d17.13
MinimumVisualStudioVersion = 10.0.40219.1
Project("{FAE04EC0-301F-11D3-BF4B-00C04F79EFBC}") = "Lab1.3", "Lab1.3\Lab1.3.csproj", "{7F6D6B43-D8B6-4B57-9DD4-45AA14C3136E}"
EndProject
Global
	GlobalSection(SolutionConfigurationPlatforms) = preSolution
		Debug|Any CPU = Debug|Any CPU
		Release|Any CPU = Release|Any CPU
	EndGlobalSection
	GlobalSection(ProjectConfigurationPlatforms) = postSolution
		{7F6D6B43-D8B6-4B57-9DD4-45AA14C3136E}.Debug|Any CPU.ActiveCfg = Debug|Any CPU
		{7F6D6B43-D8B6-4B57-9DD4-45AA14C3136E}.Debug|Any CPU.Build.0 = Debug|Any CPU
		{7F6D6B43-D8B6-4B57-9DD4-45AA14C3136E}.Release|Any CPU.ActiveCfg = Release|Any CPU
		{7F6D6B43-D8B6-4B57-9DD4-45AA14C3136E}.Release|Any CPU.Build.0 = Release|Any CPU
	EndGlobalSection
	GlobalSection(SolutionProperties) = preSolution
		HideSolutionNode = FALSE
	EndGlobalSection
	GlobalSection(ExtensibilityGlobals) = postSolution
		SolutionGuid = {45E5FC47-ED4A-4915-8B22-5AAD26C2329B}
	EndGlobalSection
EndGlobal
